
Microsoft Visual Studio Solution File, Format Version 12.00
# Visual Studio Version 17
VisualStudioVersion = 17.5.33530.505
MinimumVisualStudioVersion = 10.0.40219.1
Project("{9A19103F-16F7-4668-BE54-9A1E7A4F7556}") = "ApiUsuarios.Services", "ApiUsuarios.Services\ApiUsuarios.Services.csproj", "{88D401D5-FAEE-47B5-BDB2-E4C2280BF44A}"
EndProject
Project("{2150E333-8FDC-42A3-9474-1A3956D46DE8}") = "1 - API", "1 - API", "{DF909FD3-EC91-4EF5-BDBB-2FEA1DC7B0F1}"
EndProject
Project("{9A19103F-16F7-4668-BE54-9A1E7A4F7556}") = "ApiUsuarios.Data", "ApiUsuarios.Data\ApiUsuarios.Data.csproj", "{83FC3BE2-8AD9-4C98-85AA-ACF9D1528612}"
EndProject
Project("{2150E333-8FDC-42A3-9474-1A3956D46DE8}") = "2 - InfraStructure", "2 - InfraStructure", "{B1EED9AC-53F8-44AB-BDBE-BEC051D6729A}"
EndProject
Global
	GlobalSection(SolutionConfigurationPlatforms) = preSolution
		Debug|Any CPU = Debug|Any CPU
		Release|Any CPU = Release|Any CPU
	EndGlobalSection
	GlobalSection(ProjectConfigurationPlatforms) = postSolution
		{88D401D5-FAEE-47B5-BDB2-E4C2280BF44A}.Debug|Any CPU.ActiveCfg = Debug|Any CPU
		{88D401D5-FAEE-47B5-BDB2-E4C2280BF44A}.Debug|Any CPU.Build.0 = Debug|Any CPU
		{88D401D5-FAEE-47B5-BDB2-E4C2280BF44A}.Release|Any CPU.ActiveCfg = Release|Any CPU
		{88D401D5-FAEE-47B5-BDB2-E4C2280BF44A}.Release|Any CPU.Build.0 = Release|Any CPU
		{83FC3BE2-8AD9-4C98-85AA-ACF9D1528612}.Debug|Any CPU.ActiveCfg = Debug|Any CPU
		{83FC3BE2-8AD9-4C98-85AA-ACF9D1528612}.Debug|Any CPU.Build.0 = Debug|Any CPU
		{83FC3BE2-8AD9-4C98-85AA-ACF9D1528612}.Release|Any CPU.ActiveCfg = Release|Any CPU
		{83FC3BE2-8AD9-4C98-85AA-ACF9D1528612}.Release|Any CPU.Build.0 = Release|Any CPU
	EndGlobalSection
	GlobalSection(SolutionProperties) = preSolution
		HideSolutionNode = FALSE
	EndGlobalSection
	GlobalSection(NestedProjects) = preSolution
		{88D401D5-FAEE-47B5-BDB2-E4C2280BF44A} = {DF909FD3-EC91-4EF5-BDBB-2FEA1DC7B0F1}
		{83FC3BE2-8AD9-4C98-85AA-ACF9D1528612} = {B1EED9AC-53F8-44AB-BDBE-BEC051D6729A}
	EndGlobalSection
	GlobalSection(ExtensibilityGlobals) = postSolution
		SolutionGuid = {94496D81-8D96-4146-9BBE-FA0D8407677E}
	EndGlobalSection
EndGlobal
